# THIS IS AN AUTOGENERATED FILE. DO NOT EDIT THIS FILE DIRECTLY.
# yarn lockfile v1


"ajv@^6.12.3":
  "integrity" "sha512-j3fVLgvTo527anyYyJOGTYJbG+vnnQYvE0m5mmkc1TK+nxAppkCLMIL0aZ4dblVCNoGShhm+kzE4ZUykBoMg4g=="
  "resolved" "https://registry.npmjs.org/ajv/-/ajv-6.12.6.tgz"
  "version" "6.12.6"
  dependencies:
    "fast-deep-equal" "^3.1.1"
    "fast-json-stable-stringify" "^2.0.0"
    "json-schema-traverse" "^0.4.1"
    "uri-js" "^4.2.2"

"asn1@~0.2.3":
  "integrity" "sha512-ix/FxPn0MDjeyJ7i/yoHGFt/EX6LyNbxSEhPPXODPL+KB0VPk86UYfL0lMdy+KCnv+fmvIzySwaK5COwqVbWTQ=="
  "resolved" "https://registry.npmjs.org/asn1/-/asn1-0.2.6.tgz"
  "version" "0.2.6"
  dependencies:
    "safer-buffer" "~2.1.0"

"assert-plus@^1.0.0", "assert-plus@1.0.0":
  "integrity" "sha512-NfJ4UzBCcQGLDlQq7nHxH+tv3kyZ0hHQqF5BO6J7tNJeP5do1llPr8dZ8zHonfhAu0PHAdMkSo+8o0wxg9lZWw=="
  "resolved" "https://registry.npmjs.org/assert-plus/-/assert-plus-1.0.0.tgz"
  "version" "1.0.0"

"asynckit@^0.4.0":
  "integrity" "sha512-Oei9OH4tRh0YqU3GxhX79dM/mwVgvbZJaSNaRk+bshkj0S5cfHcgYakreBjrHwatXKbz+IoIdYLxrKim2MjW0Q=="
  "resolved" "https://registry.npmjs.org/asynckit/-/asynckit-0.4.0.tgz"
  "version" "0.4.0"

"aws-sign2@~0.7.0":
  "integrity" "sha512-08kcGqnYf/YmjoRhfxyu+CLxBjUtHLXLXX/vUfx9l2LYzG3c1m61nrpyFUZI6zeS+Li/wWMMidD9KgrqtGq3mA=="
  "resolved" "https://registry.npmjs.org/aws-sign2/-/aws-sign2-0.7.0.tgz"
  "version" "0.7.0"

"aws4@^1.8.0":
  "integrity" "sha512-xh1Rl34h6Fi1DC2WWKfxUTVqRsNnr6LsKz2+hfwDxQJWmrx8+c7ylaqBMcHfl1U1r2dsifOvKX3LQuLNZ+XSvA=="
  "resolved" "https://registry.npmjs.org/aws4/-/aws4-1.11.0.tgz"
  "version" "1.11.0"

"balanced-match@^1.0.0":
  "integrity" "sha512-3oSeUO0TMV67hN1AmbXsK4yaqU7tjiHlbxRDZOpH0KW9+CeX4bRAaX0Anxt0tx2MrpRpWwQaPwIlISEJhYU5Pw=="
  "resolved" "https://registry.npmjs.org/balanced-match/-/balanced-match-1.0.2.tgz"
  "version" "1.0.2"

"bash-language-server@^3.1.0":
  "integrity" "sha512-DaTlZD60S3ZldAkhch5oH1vxUn8joeFw73IOnwMwmZSlbQctaDrnP7DdDPRVrrQ3uhUQlaaOGPeJCsY/a+V6pg=="
  "resolved" "https://registry.npmjs.org/bash-language-server/-/bash-language-server-3.1.0.tgz"
  "version" "3.1.0"
  dependencies:
    "fuzzy-search" "^3.2.1"
    "glob" "^8.0.0"
    "request" "^2.83.0"
    "request-promise-native" "^1.0.5"
    "turndown" "^7.0.0"
    "urijs" "^1.19.11"
    "vscode-languageserver" "^6.1.1"
    "vscode-languageserver-textdocument" "^1.0.1"
    "web-tree-sitter" "^0.20.5"

"bcrypt-pbkdf@^1.0.0":
  "integrity" "sha512-qeFIXtP4MSoi6NLqO12WfqARWWuCKi2Rn/9hJLEmtB5yTNr9DqFWkJRCf2qShWzPeAMRnOgCrq0sg/KLv5ES9w=="
  "resolved" "https://registry.npmjs.org/bcrypt-pbkdf/-/bcrypt-pbkdf-1.0.2.tgz"
  "version" "1.0.2"
  dependencies:
    "tweetnacl" "^0.14.3"

"brace-expansion@^2.0.1":
  "integrity" "sha512-XnAIvQ8eM+kC6aULx6wuQiwVsnzsi9d3WxzV3FpWTGA19F621kwdbsAcFKXgKUHZWsy+mY6iL1sHTxWEFCytDA=="
  "resolved" "https://registry.npmjs.org/brace-expansion/-/brace-expansion-2.0.1.tgz"
  "version" "2.0.1"
  dependencies:
    "balanced-match" "^1.0.0"

"caseless@~0.12.0":
  "integrity" "sha512-4tYFyifaFfGacoiObjJegolkwSU4xQNGbVgUiNYVUxbQ2x2lUsFvY4hVgVzGiIe6WLOPqycWXA40l+PWsxthUw=="
  "resolved" "https://registry.npmjs.org/caseless/-/caseless-0.12.0.tgz"
  "version" "0.12.0"

"combined-stream@^1.0.6", "combined-stream@~1.0.6":
  "integrity" "sha512-FQN4MRfuJeHf7cBbBMJFXhKSDq+2kAArBlmRBvcvFE5BB1HZKXtSFASDhdlz9zOYwxh8lDdnvmMOe/+5cdoEdg=="
  "resolved" "https://registry.npmjs.org/combined-stream/-/combined-stream-1.0.8.tgz"
  "version" "1.0.8"
  dependencies:
    "delayed-stream" "~1.0.0"

"command-exists@1.2.6":
  "integrity" "sha512-Qst/zUUNmS/z3WziPxyqjrcz09pm+2Knbs5mAZL4VAE0sSrNY1/w8+/YxeHcoBTsO6iojA6BW7eFf27Eg2MRuw=="
  "resolved" "https://registry.npmjs.org/command-exists/-/command-exists-1.2.6.tgz"
  "version" "1.2.6"

"commander@^2.11.0":
  "integrity" "sha512-GpVkmM8vF2vQUkj2LvZmD35JxeJOLCwJ9cUkugyk2nuhbv3+mJvpLYYt+0+USMxE+oj+ey/lJEnhZw75x/OMcQ=="
  "resolved" "https://registry.npmjs.org/commander/-/commander-2.20.3.tgz"
  "version" "2.20.3"

"core-util-is@1.0.2":
  "integrity" "sha512-3lqz5YjWTYnW6dlDa5TLaTCcShfar1e40rmcJVwCBJC6mWlFuj0eCHIElmG1g5kyuJ/GD+8Wn4FFCcz4gJPfaQ=="
  "resolved" "https://registry.npmjs.org/core-util-is/-/core-util-is-1.0.2.tgz"
  "version" "1.0.2"

"crypto-random-string@^1.0.0":
  "integrity" "sha1-ojD2T1aDEOFJgAmUB5DsmVRbyn4="
  "resolved" "https://registry.npmjs.org/crypto-random-string/-/crypto-random-string-1.0.0.tgz"
  "version" "1.0.0"

"dashdash@^1.12.0":
  "integrity" "sha512-jRFi8UDGo6j+odZiEpjazZaWqEal3w/basFjQHQEwVtZJGDpxbH1MeYluwCS8Xq5wmLJooDlMgvVarmWfGM44g=="
  "resolved" "https://registry.npmjs.org/dashdash/-/dashdash-1.14.1.tgz"
  "version" "1.14.1"
  dependencies:
    "assert-plus" "^1.0.0"

"delayed-stream@~1.0.0":
  "integrity" "sha512-ZySD7Nf91aLB0RxL4KGrKHBXl7Eds1DAmEdcoVawXnLD7SDhpNgtuII2aAkg7a7QS41jxPSZ17p4VdGnMHk3MQ=="
  "resolved" "https://registry.npmjs.org/delayed-stream/-/delayed-stream-1.0.0.tgz"
  "version" "1.0.0"

"dom-walk@^0.1.0":
  "integrity" "sha512-6QvTW9mrGeIegrFXdtQi9pk7O/nSK6lSdXW2eqUspN5LWD7UTji2Fqw5V2YLjBpHEoU9Xl/eUWNpDeZvoyOv2w=="
  "resolved" "https://registry.npmjs.org/dom-walk/-/dom-walk-0.1.2.tgz"
  "version" "0.1.2"

"domino@^2.1.6":
  "integrity" "sha512-3VdM/SXBZX2omc9JF9nOPCtDaYQ67BGp5CoLpIQlO2KCAPETs8TcDHacF26jXadGbvUteZzRTeos2fhID5+ucQ=="
  "resolved" "https://registry.npmjs.org/domino/-/domino-2.1.6.tgz"
  "version" "2.1.6"

"ecc-jsbn@~0.1.1":
  "integrity" "sha512-eh9O+hwRHNbG4BLTjEl3nw044CkGm5X6LoaCf7LPp7UU8Qrt47JYNi6nPX8xjW97TKGKm1ouctg0QSpZe9qrnw=="
  "resolved" "https://registry.npmjs.org/ecc-jsbn/-/ecc-jsbn-0.1.2.tgz"
  "version" "0.1.2"
  dependencies:
    "jsbn" "~0.1.0"
    "safer-buffer" "^2.1.0"

"extend@~3.0.2":
  "integrity" "sha512-fjquC59cD7CyW6urNXK0FBufkZcoiGG80wTuPujX590cB5Ttln20E2UB4S/WARVqhXffZl2LNgS+gQdPIIim/g=="
  "resolved" "https://registry.npmjs.org/extend/-/extend-3.0.2.tgz"
  "version" "3.0.2"

"extsprintf@^1.2.0", "extsprintf@1.3.0":
  "integrity" "sha512-11Ndz7Nv+mvAC1j0ktTa7fAb0vLyGGX+rMHNBYQviQDGU0Hw7lhctJANqbPhu9nV9/izT/IntTgZ7Im/9LJs9g=="
  "resolved" "https://registry.npmjs.org/extsprintf/-/extsprintf-1.3.0.tgz"
  "version" "1.3.0"

"fast-deep-equal@^3.1.1":
  "integrity" "sha512-f3qQ9oQy9j2AhBe/H9VC91wLmKBCCU/gDOnKNAYG5hswO7BLKj09Hc5HYNz9cGI++xlpDCIgDaitVs03ATR84Q=="
  "resolved" "https://registry.npmjs.org/fast-deep-equal/-/fast-deep-equal-3.1.3.tgz"
  "version" "3.1.3"

"fast-json-stable-stringify@^2.0.0":
  "integrity" "sha512-lhd/wF+Lk98HZoTCtlVraHtfh5XYijIjalXck7saUtuanSDyLMxnHhSXEDJqHxD7msR8D0uCmqlkwjCV8xvwHw=="
  "resolved" "https://registry.npmjs.org/fast-json-stable-stringify/-/fast-json-stable-stringify-2.1.0.tgz"
  "version" "2.1.0"

"forever-agent@~0.6.1":
  "integrity" "sha512-j0KLYPhm6zeac4lz3oJ3o65qvgQCcPubiyotZrXqEaG4hNagNYO8qdlUrX5vwqv9ohqeT/Z3j6+yW067yWWdUw=="
  "resolved" "https://registry.npmjs.org/forever-agent/-/forever-agent-0.6.1.tgz"
  "version" "0.6.1"

"form-data@~2.3.2":
  "integrity" "sha512-1lLKB2Mu3aGP1Q/2eCOx0fNbRMe7XdwktwOruhfqqd0rIJWwN4Dh+E3hrPSlDCXnSR7UtZ1N38rVXm+6+MEhJQ=="
  "resolved" "https://registry.npmjs.org/form-data/-/form-data-2.3.3.tgz"
  "version" "2.3.3"
  dependencies:
    "asynckit" "^0.4.0"
    "combined-stream" "^1.0.6"
    "mime-types" "^2.1.12"

"fs-extra@^7.0.0":
  "integrity" "sha512-YJDaCJZEnBmcbw13fvdAM9AwNOJwOzrE4pqMqBq5nFiEqXUqHwlK4B+3pUw6JNvfSPtX05xFHtYy/1ni01eGCw=="
  "resolved" "https://registry.npmjs.org/fs-extra/-/fs-extra-7.0.1.tgz"
  "version" "7.0.1"
  dependencies:
    "graceful-fs" "^4.1.2"
    "jsonfile" "^4.0.0"
    "universalify" "^0.1.0"

"fs.realpath@^1.0.0":
  "integrity" "sha512-OO0pH2lK6a0hZnAdau5ItzHPI6pUlvI7jMVnxUQRtw4owF2wk8lOSabtGDCTP4Ggrg2MbGnWO9X8K1t4+fGMDw=="
  "resolved" "https://registry.npmjs.org/fs.realpath/-/fs.realpath-1.0.0.tgz"
  "version" "1.0.0"

"fuzzy-search@^3.2.1":
  "integrity" "sha512-vAcPiyomt1ioKAsAL2uxSABHJ4Ju/e4UeDM+g1OlR0vV4YhLGMNsdLNvZTpEDY4JCSt0E4hASCNM5t2ETtsbyg=="
  "resolved" "https://registry.npmjs.org/fuzzy-search/-/fuzzy-search-3.2.1.tgz"
  "version" "3.2.1"

"getpass@^0.1.1":
  "integrity" "sha512-0fzj9JxOLfJ+XGLhR8ze3unN0KZCgZwiSSDz168VERjK8Wl8kVSdcu2kspd4s4wtAa1y/qrVRiAA0WclVsu0ng=="
  "resolved" "https://registry.npmjs.org/getpass/-/getpass-0.1.7.tgz"
  "version" "0.1.7"
  dependencies:
    "assert-plus" "^1.0.0"

"glob@^8.0.0":
  "integrity" "sha512-ull455NHSHI/Y1FqGaaYFaLGkNMMJbavMrEGFXG/PGrg6y7sutWHUHrz6gy6WEBH6akM1M414dWKCNs+IhKdiQ=="
  "resolved" "https://registry.npmjs.org/glob/-/glob-8.0.3.tgz"
  "version" "8.0.3"
  dependencies:
    "fs.realpath" "^1.0.0"
    "inflight" "^1.0.4"
    "inherits" "2"
    "minimatch" "^5.0.1"
    "once" "^1.3.0"

"global@^4.4.0":
  "integrity" "sha512-wv/LAoHdRE3BeTGz53FAamhGlPLhlssK45usmGFThIi4XqnBmjKQ16u+RNbP7WvigRZDxUsM0J3gcQ5yicaL0w=="
  "resolved" "https://registry.npmjs.org/global/-/global-4.4.0.tgz"
  "version" "4.4.0"
  dependencies:
    "min-document" "^2.19.0"
    "process" "^0.11.10"

"graceful-fs@^4.1.2", "graceful-fs@^4.1.6":
  "integrity" "sha512-nTnJ528pbqxYanhpDYsi4Rd8MAeaBA67+RZ10CM1m3bTAVFEDcd5AuA4a6W5YkGZ1iNXHzZz8T6TBKLeBuNriQ=="
  "resolved" "https://registry.npmjs.org/graceful-fs/-/graceful-fs-4.2.6.tgz"
  "version" "4.2.6"

"har-schema@^2.0.0":
  "integrity" "sha512-Oqluz6zhGX8cyRaTQlFMPw80bSJVG2x/cFb8ZPhUILGgHka9SsokCCOQgpveePerqidZOrT14ipqfJb7ILcW5Q=="
  "resolved" "https://registry.npmjs.org/har-schema/-/har-schema-2.0.0.tgz"
  "version" "2.0.0"

"har-validator@~5.1.3":
  "integrity" "sha512-nmT2T0lljbxdQZfspsno9hgrG3Uir6Ks5afism62poxqBM6sDnMEuPmzTq8XN0OEwqKLLdh1jQI3qyE66Nzb3w=="
  "resolved" "https://registry.npmjs.org/har-validator/-/har-validator-5.1.5.tgz"
  "version" "5.1.5"
  dependencies:
    "ajv" "^6.12.3"
    "har-schema" "^2.0.0"

"http-signature@~1.2.0":
  "integrity" "sha512-CAbnr6Rz4CYQkLYUtSNXxQPUH2gK8f3iWexVlsnMeD+GjlsQ0Xsy1cOX+mN3dtxYomRy21CiOzU8Uhw6OwncEQ=="
  "resolved" "https://registry.npmjs.org/http-signature/-/http-signature-1.2.0.tgz"
  "version" "1.2.0"
  dependencies:
    "assert-plus" "^1.0.0"
    "jsprim" "^1.2.2"
    "sshpk" "^1.7.0"

"inflight@^1.0.4":
  "integrity" "sha512-k92I/b08q4wvFscXCLvqfsHCrjrF7yiXsQuIVvVE7N82W3+aqpzuUdBbfhWcy/FZR3/4IgflMgKLOsvPDrGCJA=="
  "resolved" "https://registry.npmjs.org/inflight/-/inflight-1.0.6.tgz"
  "version" "1.0.6"
  dependencies:
    "once" "^1.3.0"
    "wrappy" "1"

"inherits@2":
  "integrity" "sha512-k/vGaX4/Yla3WzyMCvTQOXYeIHvqOKtnqBduzTHpzpQZzAskKMhZ2K+EnBiSM9zGSoIFeMpXKxa4dYeZIQqewQ=="
  "resolved" "https://registry.npmjs.org/inherits/-/inherits-2.0.4.tgz"
  "version" "2.0.4"

"is-typedarray@~1.0.0":
  "integrity" "sha512-cyA56iCMHAh5CdzjJIa4aohJyeO1YbwLi3Jc35MmRU6poroFjIGZzUzupGiRPOjgHg9TLu43xbpwXk523fMxKA=="
  "resolved" "https://registry.npmjs.org/is-typedarray/-/is-typedarray-1.0.0.tgz"
  "version" "1.0.0"

"isstream@~0.1.2":
  "integrity" "sha512-Yljz7ffyPbrLpLngrMtZ7NduUgVvi6wG9RJ9IUcyCd59YQ911PBJphODUcbOVbqYfxe1wuYf/LJ8PauMRwsM/g=="
  "resolved" "https://registry.npmjs.org/isstream/-/isstream-0.1.2.tgz"
  "version" "0.1.2"

"jsbn@~0.1.0":
  "integrity" "sha512-UVU9dibq2JcFWxQPA6KCqj5O42VOmAY3zQUfEKxU0KpTGXwNoCjkX1e13eHNvw/xPynt6pU0rZ1htjWTNTSXsg=="
  "resolved" "https://registry.npmjs.org/jsbn/-/jsbn-0.1.1.tgz"
  "version" "0.1.1"

"json-schema-traverse@^0.4.1":
  "integrity" "sha512-xbbCH5dCYU5T8LcEhhuh7HJ88HXuW3qsI3Y0zOZFKfZEHcpWiHU/Jxzk629Brsab/mMiHQti9wMP+845RPe3Vg=="
  "resolved" "https://registry.npmjs.org/json-schema-traverse/-/json-schema-traverse-0.4.1.tgz"
  "version" "0.4.1"

"json-schema@0.4.0":
  "integrity" "sha512-es94M3nTIfsEPisRafak+HDLfHXnKBhV3vU5eqPcS3flIWqcxJWgXHXiey3YrpaNsanY5ei1VoYEbOzijuq9BA=="
  "resolved" "https://registry.npmjs.org/json-schema/-/json-schema-0.4.0.tgz"
  "version" "0.4.0"

"json-stringify-safe@~5.0.1":
  "integrity" "sha512-ZClg6AaYvamvYEE82d3Iyd3vSSIjQ+odgjaTzRuO3s7toCdFKczob2i0zCh7JE8kWn17yvAWhUVxvqGwUalsRA=="
  "resolved" "https://registry.npmjs.org/json-stringify-safe/-/json-stringify-safe-5.0.1.tgz"
  "version" "5.0.1"

"jsonfile@^4.0.0":
  "integrity" "sha1-h3Gq4HmbZAdrdmQPygWPnBDjPss="
  "resolved" "https://registry.npmjs.org/jsonfile/-/jsonfile-4.0.0.tgz"
  "version" "4.0.0"
  optionalDependencies:
    "graceful-fs" "^4.1.6"

"jsprim@^1.2.2":
  "integrity" "sha512-P2bSOMAc/ciLz6DzgjVlGJP9+BrJWu5UDGK70C2iweC5QBIeFf0ZXRvGjEj2uYgrY2MkAAhsSWHDWlFtEroZWw=="
  "resolved" "https://registry.npmjs.org/jsprim/-/jsprim-1.4.2.tgz"
  "version" "1.4.2"
  dependencies:
    "assert-plus" "1.0.0"
    "extsprintf" "1.3.0"
    "json-schema" "0.4.0"
    "verror" "1.10.0"

"lodash@^4.17.19":
  "integrity" "sha512-v2kDEe57lecTulaDIuNTPy3Ry4gLGJ6Z1O3vE1krgXZNrsQ+LFTGHVxVjcXPs17LhbZVGedAJv8XZ1tvj5FvSg=="
  "resolved" "https://registry.npmjs.org/lodash/-/lodash-4.17.21.tgz"
  "version" "4.17.21"

"mime-db@1.52.0":
  "integrity" "sha512-sPU4uV7dYlvtWJxwwxHD0PuihVNiE7TyAbQ5SWxDCB9mUYvOgroQOwYQQOKPJ8CIbE+1ETVlOoK1UC2nU3gYvg=="
  "resolved" "https://registry.npmjs.org/mime-db/-/mime-db-1.52.0.tgz"
  "version" "1.52.0"

"mime-types@^2.1.12", "mime-types@~2.1.19":
  "integrity" "sha512-ZDY+bPm5zTTF+YpCrAU9nK0UgICYPT0QtT1NZWFv4s++TNkcgVaT0g6+4R2uI4MjQjzysHB1zxuWL50hzaeXiw=="
  "resolved" "https://registry.npmjs.org/mime-types/-/mime-types-2.1.35.tgz"
  "version" "2.1.35"
  dependencies:
    "mime-db" "1.52.0"

"min-document@^2.19.0":
  "integrity" "sha1-e9KC4/WELtKVu3SM3Z8f+iyCRoU="
  "resolved" "https://registry.npmjs.org/min-document/-/min-document-2.19.0.tgz"
  "version" "2.19.0"
  dependencies:
    "dom-walk" "^0.1.0"

"minimatch@^5.0.1":
  "integrity" "sha512-9TPBGGak4nHfGZsPBohm9AWg6NoT7QTCehS3BIJABslyZbzxfV78QM2Y6+i741OPZIafFAaiiEMh5OyIrJPgtg=="
  "resolved" "https://registry.npmjs.org/minimatch/-/minimatch-5.1.0.tgz"
  "version" "5.1.0"
  dependencies:
    "brace-expansion" "^2.0.1"

"nan@^2.15.0":
  "integrity" "sha512-UdAqHyFngu7TfQKsCBgAA6pWDkT8MAO7d0jyOecVhN5354xbLqdn8mV9Tat9gepAupm0bt2DbeaSC8vS52MuFA=="
  "resolved" "https://registry.npmjs.org/nan/-/nan-2.16.0.tgz"
  "version" "2.16.0"

"oauth-sign@~0.9.0":
  "integrity" "sha512-fexhUFFPTGV8ybAtSIGbV6gOkSv8UtRbDBnAyLQw4QPKkgNlsH2ByPGtMUqdWkos6YCRmAqViwgZrJc/mRDzZQ=="
  "resolved" "https://registry.npmjs.org/oauth-sign/-/oauth-sign-0.9.0.tgz"
  "version" "0.9.0"

"once@^1.3.0":
  "integrity" "sha512-lNaJgI+2Q5URQBkccEKHTQOPaXdUxnZZElQTZY0MFUAuaEqe1E+Nyvgdz/aIyNi6Z9MzO5dv1H8n58/GELp3+w=="
  "resolved" "https://registry.npmjs.org/once/-/once-1.4.0.tgz"
  "version" "1.4.0"
  dependencies:
    "wrappy" "1"

"p-debounce@^1.0.0":
  "integrity" "sha1-y38svu/YegnrqGHhErZ1J+Yh4v0="
  "resolved" "https://registry.npmjs.org/p-debounce/-/p-debounce-1.0.0.tgz"
  "version" "1.0.0"

"performance-now@^2.1.0":
  "integrity" "sha512-7EAHlyLHI56VEIdK57uwHdHKIaAGbnXPiw0yWbarQZOKaKpvUIgW0jWRVLiatnM+XXlSwsanIBH/hzGMJulMow=="
  "resolved" "https://registry.npmjs.org/performance-now/-/performance-now-2.1.0.tgz"
  "version" "2.1.0"

"process@^0.11.10":
  "integrity" "sha1-czIwDoQBYb2j5podHZGn1LwW8YI="
  "resolved" "https://registry.npmjs.org/process/-/process-0.11.10.tgz"
  "version" "0.11.10"

"psl@^1.1.28":
  "integrity" "sha512-E/ZsdU4HLs/68gYzgGTkMicWTLPdAftJLfJFlLUAAKZGkStNU72sZjT66SnMDVOfOWY/YAoiD7Jxa9iHvngcag=="
  "resolved" "https://registry.npmjs.org/psl/-/psl-1.9.0.tgz"
  "version" "1.9.0"

"punycode@^2.1.0", "punycode@^2.1.1":
  "integrity" "sha512-XRsRjdf+j5ml+y/6GKHPZbrF/8p2Yga0JPtdqTIY2Xe5ohJPD9saDJJLPvp9+NSBprVvevdXZybnj2cv8OEd0A=="
  "resolved" "https://registry.npmjs.org/punycode/-/punycode-2.1.1.tgz"
  "version" "2.1.1"

"pyright@^1.1.144":
  "integrity" "sha512-nzCTqxg7JPHy5FkyX4+meD4c7Zt/mgPBI+nFGS9HoN/3GVPHAlTcCKa1JPTEh7O/N5+8W/9WZUuUntBW2R3adg=="
  "resolved" "https://registry.npmjs.org/pyright/-/pyright-1.1.144.tgz"
  "version" "1.1.144"

"qs@~6.5.2":
  "integrity" "sha512-qxXIEh4pCGfHICj1mAJQ2/2XVZkjCDTcEgfoSQxc/fYivUZxTkk7L3bDBJSoNrEzXI17oUO5Dp07ktqE5KzczA=="
  "resolved" "https://registry.npmjs.org/qs/-/qs-6.5.3.tgz"
  "version" "6.5.3"

"request-promise-core@1.1.4":
  "integrity" "sha512-TTbAfBBRdWD7aNNOoVOBH4pN/KigV6LyapYNNlAPA8JwbovRti1E88m3sYAwsLi5ryhPKsE9APwnjFTgdUjTpw=="
  "resolved" "https://registry.npmjs.org/request-promise-core/-/request-promise-core-1.1.4.tgz"
  "version" "1.1.4"
  dependencies:
    "lodash" "^4.17.19"

"request-promise-native@^1.0.5":
  "integrity" "sha512-wcW+sIUiWnKgNY0dqCpOZkUbF/I+YPi+f09JZIDa39Ec+q82CpSYniDp+ISgTTbKmnpJWASeJBPZmoxH84wt3g=="
  "resolved" "https://registry.npmjs.org/request-promise-native/-/request-promise-native-1.0.9.tgz"
  "version" "1.0.9"
  dependencies:
    "request-promise-core" "1.1.4"
    "stealthy-require" "^1.1.1"
    "tough-cookie" "^2.3.3"

"request@^2.34", "request@^2.83.0":
  "integrity" "sha512-MsvtOrfG9ZcrOwAW+Qi+F6HbD0CWXEh9ou77uOb7FM2WPhwT7smM833PzanhJLsgXjN89Ir6V2PczXNnMpwKhw=="
  "resolved" "https://registry.npmjs.org/request/-/request-2.88.2.tgz"
  "version" "2.88.2"
  dependencies:
    "aws-sign2" "~0.7.0"
    "aws4" "^1.8.0"
    "caseless" "~0.12.0"
    "combined-stream" "~1.0.6"
    "extend" "~3.0.2"
    "forever-agent" "~0.6.1"
    "form-data" "~2.3.2"
    "har-validator" "~5.1.3"
    "http-signature" "~1.2.0"
    "is-typedarray" "~1.0.0"
    "isstream" "~0.1.2"
    "json-stringify-safe" "~5.0.1"
    "mime-types" "~2.1.19"
    "oauth-sign" "~0.9.0"
    "performance-now" "^2.1.0"
    "qs" "~6.5.2"
    "safe-buffer" "^5.1.2"
    "tough-cookie" "~2.5.0"
    "tunnel-agent" "^0.6.0"
    "uuid" "^3.3.2"

"safe-buffer@^5.0.1", "safe-buffer@^5.1.2":
  "integrity" "sha512-rp3So07KcdmmKbGvgaNxQSJr7bGVSVk5S9Eq1F+ppbRo70+YeaDxkw5Dd8NPN+GD6bjnYm2VuPuCXmpuYvmCXQ=="
  "resolved" "https://registry.npmjs.org/safe-buffer/-/safe-buffer-5.2.1.tgz"
  "version" "5.2.1"

"safer-buffer@^2.0.2", "safer-buffer@^2.1.0", "safer-buffer@~2.1.0":
  "integrity" "sha512-YZo3K82SD7Riyi0E1EQPojLz7kpepnSQI9IyPbHHg1XXXevb5dJI7tpyN2ADxGcQbHG7vcyRHk0cbwqcQriUtg=="
  "resolved" "https://registry.npmjs.org/safer-buffer/-/safer-buffer-2.1.2.tgz"
  "version" "2.1.2"

"sshpk@^1.7.0":
  "integrity" "sha512-/9HIEs1ZXGhSPE8X6Ccm7Nam1z8KcoCqPdI7ecm1N33EzAetWahvQWVqLZtaZQ+IDKX4IyA2o0gBzqIMkAagHQ=="
  "resolved" "https://registry.npmjs.org/sshpk/-/sshpk-1.17.0.tgz"
  "version" "1.17.0"
  dependencies:
    "asn1" "~0.2.3"
    "assert-plus" "^1.0.0"
    "bcrypt-pbkdf" "^1.0.0"
    "dashdash" "^1.12.0"
    "ecc-jsbn" "~0.1.1"
    "getpass" "^0.1.1"
    "jsbn" "~0.1.0"
    "safer-buffer" "^2.0.2"
    "tweetnacl" "~0.14.0"

"stealthy-require@^1.1.1":
  "integrity" "sha512-ZnWpYnYugiOVEY5GkcuJK1io5V8QmNYChG62gSit9pQVGErXtrKuPC55ITaVSukmMta5qpMU7vqLt2Lnni4f/g=="
  "resolved" "https://registry.npmjs.org/stealthy-require/-/stealthy-require-1.1.1.tgz"
  "version" "1.1.1"

"temp-dir@^1.0.0":
  "integrity" "sha1-CnwOom06Oa+n4OvqnB/AvE2qAR0="
  "resolved" "https://registry.npmjs.org/temp-dir/-/temp-dir-1.0.0.tgz"
  "version" "1.0.0"

"tempy@^0.2.1":
  "integrity" "sha512-LB83o9bfZGrntdqPuRdanIVCPReam9SOZKW0fOy5I9X3A854GGWi0tjCqoXEk84XIEYBc/x9Hq3EFop/H5wJaw=="
  "resolved" "https://registry.npmjs.org/tempy/-/tempy-0.2.1.tgz"
  "version" "0.2.1"
  dependencies:
    "temp-dir" "^1.0.0"
    "unique-string" "^1.0.0"

"tough-cookie@^2.3.3", "tough-cookie@~2.5.0":
  "integrity" "sha512-nlLsUzgm1kfLXSXfRZMc1KLAugd4hqJHDTvc2hDIwS3mZAfMEuMbc03SujMF+GEcpaX/qboeycw6iO8JwVv2+g=="
  "resolved" "https://registry.npmjs.org/tough-cookie/-/tough-cookie-2.5.0.tgz"
  "version" "2.5.0"
  dependencies:
    "psl" "^1.1.28"
    "punycode" "^2.1.1"

"tree-sitter-cli@^0.20.7":
  "integrity" "sha512-MHABT8oCPr4D0fatsPo6ATQ9H4h9vHpPRjlxkxJs80tpfAEKGn6A1zU3eqfCKBcgmfZDe9CiL3rKOGMzYHwA3w=="
  "resolved" "https://registry.npmjs.org/tree-sitter-cli/-/tree-sitter-cli-0.20.7.tgz"
  "version" "0.20.7"

"tree-sitter-phpdoc@^0.1.0":
  "integrity" "sha512-4ErVSBxcg2CF8J9Ko57yVVbWf20jTY6LOMOAR77cSaaXd4YozB8PrieO7OuOT2eHgO5bNfbF79/VKx7ZTPS11g=="
  "resolved" "https://registry.npmjs.org/tree-sitter-phpdoc/-/tree-sitter-phpdoc-0.1.0.tgz"
  "version" "0.1.0"
  dependencies:
    "nan" "^2.15.0"

"tunnel-agent@^0.6.0":
  "integrity" "sha512-McnNiV1l8RYeY8tBgEpuodCC1mLUdbSN+CYBL7kJsJNInOP8UjDDEwdk6Mw60vdLLrr5NHKZhMAOSrR2NZuQ+w=="
  "resolved" "https://registry.npmjs.org/tunnel-agent/-/tunnel-agent-0.6.0.tgz"
  "version" "0.6.0"
  dependencies:
    "safe-buffer" "^5.0.1"

"turndown@^7.0.0":
  "integrity" "sha512-BEkXaWH7Wh7e9bd2QumhfAXk5g34+6QUmmWx+0q6ThaVOLuLUqsnkq35HQ5SBHSaxjSfSM7US5o4lhJNH7B9MA=="
  "resolved" "https://registry.npmjs.org/turndown/-/turndown-7.1.1.tgz"
  "version" "7.1.1"
  dependencies:
    "domino" "^2.1.6"

"tweetnacl@^0.14.3", "tweetnacl@~0.14.0":
  "integrity" "sha512-KXXFFdAbFXY4geFIwoyNK+f5Z1b7swfXABfL7HXCmoIWMKU3dmS26672A4EeQtDzLKy7SXmfBu51JolvEKwtGA=="
  "resolved" "https://registry.npmjs.org/tweetnacl/-/tweetnacl-0.14.5.tgz"
  "version" "0.14.5"

"typescript-language-server@^0.5.1":
  "integrity" "sha512-60Kguhwk/R1BB4pEIb6B9C7Ix7JzLzYnsODlmorYMPjMeEV0rCBqTR6FGAj4wVw/eHrHcpwLENmmURKUd8aybA=="
  "resolved" "https://registry.npmjs.org/typescript-language-server/-/typescript-language-server-0.5.1.tgz"
  "version" "0.5.1"
  dependencies:
    "command-exists" "1.2.6"
    "commander" "^2.11.0"
    "fs-extra" "^7.0.0"
    "p-debounce" "^1.0.0"
    "tempy" "^0.2.1"
    "vscode-languageserver" "^5.3.0-next"
    "vscode-uri" "^1.0.5"

"typescript@^4.3.2":
  "integrity" "sha512-zZ4hShnmnoVnAHpVHWpTcxdv7dWP60S2FsydQLV8V5PbS3FifjWFFRiHSWpDJahly88PRyV5teTSLoq4eG7mKw=="
  "resolved" "https://registry.npmjs.org/typescript/-/typescript-4.3.2.tgz"
  "version" "4.3.2"

"unique-string@^1.0.0":
  "integrity" "sha1-nhBXzKhRq7kzmPizOuGHuZyuwRo="
  "resolved" "https://registry.npmjs.org/unique-string/-/unique-string-1.0.0.tgz"
  "version" "1.0.0"
  dependencies:
    "crypto-random-string" "^1.0.0"

"universalify@^0.1.0":
  "integrity" "sha512-rBJeI5CXAlmy1pV+617WB9J63U6XcazHHF2f2dbJix4XzpUF0RS3Zbj0FGIOCAva5P/d/GBOYaACQ1w+0azUkg=="
  "resolved" "https://registry.npmjs.org/universalify/-/universalify-0.1.2.tgz"
  "version" "0.1.2"

"uri-js@^4.2.2":
  "integrity" "sha512-7rKUyy33Q1yc98pQ1DAmLtwX109F7TIfWlW1Ydo8Wl1ii1SeHieeh0HHfPeL2fMXK6z0s8ecKs9frCuLJvndBg=="
  "resolved" "https://registry.npmjs.org/uri-js/-/uri-js-4.4.1.tgz"
  "version" "4.4.1"
  dependencies:
    "punycode" "^2.1.0"

"urijs@^1.19.11":
  "integrity" "sha512-HXgFDgDommxn5/bIv0cnQZsPhHDA90NPHD6+c/v21U5+Sx5hoP8+dP9IZXBU1gIfvdRfhG8cel9QNPeionfcCQ=="
  "resolved" "https://registry.npmjs.org/urijs/-/urijs-1.19.11.tgz"
  "version" "1.19.11"

"uuid@^3.3.2":
  "integrity" "sha512-HjSDRw6gZE5JMggctHBcjVak08+KEVhSIiDzFnT9S9aegmp85S/bReBVTb4QTFaRNptJ9kuYaNhnbNEOkbKb/A=="
  "resolved" "https://registry.npmjs.org/uuid/-/uuid-3.4.0.tgz"
  "version" "3.4.0"

"verror@1.10.0":
  "integrity" "sha512-ZZKSmDAEFOijERBLkmYfJ+vmk3w+7hOLYDNkRCuRuMJGEmqYNCNLyBBFwWKVMhfwaEF3WOd0Zlw86U/WC/+nYw=="
  "resolved" "https://registry.npmjs.org/verror/-/verror-1.10.0.tgz"
  "version" "1.10.0"
  dependencies:
    "assert-plus" "^1.0.0"
    "core-util-is" "1.0.2"
    "extsprintf" "^1.2.0"

"vim-language-server@^2.2.3":
  "integrity" "sha512-dUaWfvqNM0IVwinwYHv6prKYEw4o/ayZtvceFBKdMCf91uYzKt64MLqD8ZA597JLheul/oEV1XKgpzLLPcfVVw=="
  "resolved" "https://registry.npmjs.org/vim-language-server/-/vim-language-server-2.2.3.tgz"
  "version" "2.2.3"

"vscode-jsonrpc@6.0.0":
  "integrity" "sha512-wnJA4BnEjOSyFMvjZdpiOwhSq9uDoK8e/kpRJDTaMYzwlkrhG1fwDIZI94CLsLzlCK5cIbMMtFlJlfR57Lavmg=="
  "resolved" "https://registry.npmjs.org/vscode-jsonrpc/-/vscode-jsonrpc-6.0.0.tgz"
  "version" "6.0.0"

"vscode-languageserver-protocol@^3.15.0-next.8", "vscode-languageserver-protocol@^3.15.3":
  "integrity" "sha512-sdeUoAawceQdgIfTI+sdcwkiK2KU+2cbEYA0agzM2uqaUy2UpnnGHtWTHVEtS0ES4zHU0eMFRGN+oQgDxlD66A=="
  "resolved" "https://registry.npmjs.org/vscode-languageserver-protocol/-/vscode-languageserver-protocol-3.16.0.tgz"
  "version" "3.16.0"
  dependencies:
    "vscode-jsonrpc" "6.0.0"
    "vscode-languageserver-types" "3.16.0"

"vscode-languageserver-textdocument@^1.0.1":
  "integrity" "sha512-UIcJDjX7IFkck7cSkNNyzIz5FyvpQfY7sdzVy+wkKN/BLaD4DQ0ppXQrKePomCxTS7RrolK1I0pey0bG9eh8dA=="
  "resolved" "https://registry.npmjs.org/vscode-languageserver-textdocument/-/vscode-languageserver-textdocument-1.0.1.tgz"
  "version" "1.0.1"

"vscode-languageserver-types@3.16.0":
  "integrity" "sha512-k8luDIWJWyenLc5ToFQQMaSrqCHiLwyKPHKPQZ5zz21vM+vIVUSvsRpcbiECH4WR88K2XZqc4ScRcZ7nk/jbeA=="
  "resolved" "https://registry.npmjs.org/vscode-languageserver-types/-/vscode-languageserver-types-3.16.0.tgz"
  "version" "3.16.0"

"vscode-languageserver@^5.3.0-next":
  "integrity" "sha512-QL7Fe1FT6PdLtVzwJeZ78pTic4eZbzLRy7yAQgPb9xalqqgZESR0+yDZPwJrM3E7PzOmwHBceYcJR54eQZ7Kng=="
  "resolved" "https://registry.npmjs.org/vscode-languageserver/-/vscode-languageserver-5.3.0-next.10.tgz"
  "version" "5.3.0-next.10"
  dependencies:
    "vscode-languageserver-protocol" "^3.15.0-next.8"
    "vscode-textbuffer" "^1.0.0"

"vscode-languageserver@^6.1.1":
  "integrity" "sha512-DueEpkUAkD5XTR4MLYNr6bQIp/UFR0/IPApgXU3YfCBCB08u2sm9hRCs6DxYZELkk++STPjpcjksR2H8qI3cDQ=="
  "resolved" "https://registry.npmjs.org/vscode-languageserver/-/vscode-languageserver-6.1.1.tgz"
  "version" "6.1.1"
  dependencies:
    "vscode-languageserver-protocol" "^3.15.3"

"vscode-textbuffer@^1.0.0":
  "integrity" "sha512-zPaHo4urgpwsm+PrJWfNakolRpryNja18SUip/qIIsfhuEqEIPEXMxHOlFPjvDC4JgTaimkncNW7UMXRJTY6ow=="
  "resolved" "https://registry.npmjs.org/vscode-textbuffer/-/vscode-textbuffer-1.0.0.tgz"
  "version" "1.0.0"

"vscode-uri@^1.0.5":
  "integrity" "sha512-obtSWTlbJ+a+TFRYGaUumtVwb+InIUVI0Lu0VBUAPmj2cU5JutEXg3xUE0c2J5Tcy7h2DEKVJBFi+Y9ZSFzzPQ=="
  "resolved" "https://registry.npmjs.org/vscode-uri/-/vscode-uri-1.0.8.tgz"
  "version" "1.0.8"

"web-tree-sitter@^0.20.5":
  "integrity" "sha512-flC9JJmTII9uAeeYpWF8hxDJ7bfY+leldQryetll8Nv4WgI+MXc6h7TiyAZASWl9uC9TvmfdgOjZn1DAQecb3A=="
  "resolved" "https://registry.npmjs.org/web-tree-sitter/-/web-tree-sitter-0.20.7.tgz"
  "version" "0.20.7"

"wrappy@1":
  "integrity" "sha512-l4Sp/DRseor9wL6EvV2+TuQn63dMkPjZ/sp9XkghTEbV9KlPS1xUsZ3u7/IQO4wxtcFB4bgpQPRcR3QCvezPcQ=="
  "resolved" "https://registry.npmjs.org/wrappy/-/wrappy-1.0.2.tgz"
  "version" "1.0.2"

"yarn@^1.22.19":
  "integrity" "sha512-/0V5q0WbslqnwP91tirOvldvYISzaqhClxzyUKXYxs07yUILIs5jx/k6CFe8bvKSkds5w+eiOqta39Wk3WxdcQ=="
  "resolved" "https://registry.npmjs.org/yarn/-/yarn-1.22.19.tgz"
  "version" "1.22.19"
